// !$*UTF8*$!
{
	archiveVersion = 1;
	classes = {
	};
	objectVersion = 51;
	objects = {

/* Begin PBXBuildFile section */
		D0736CD125438364008575E9 /* CameraViewController.swift in Sources */ = {isa = PBXBuildFile; fileRef = D0736CD025438364008575E9 /* CameraViewController.swift */; };
		D07D508D2540F9CC00903ABC /* AppDelegate.swift in Sources */ = {isa = PBXBuildFile; fileRef = D07D508C2540F9CC00903ABC /* AppDelegate.swift */; };
		D07D508F2540F9CC00903ABC /* SceneDelegate.swift in Sources */ = {isa = PBXBuildFile; fileRef = D07D508E2540F9CC00903ABC /* SceneDelegate.swift */; };
		D07D50942540F9CC00903ABC /* Main.storyboard in Resources */ = {isa = PBXBuildFile; fileRef = D07D50922540F9CC00903ABC /* Main.storyboard */; };
		D07D50962540F9D000903ABC /* Assets.xcassets in Resources */ = {isa = PBXBuildFile; fileRef = D07D50952540F9D000903ABC /* Assets.xcassets */; };
		D07D50992540F9D000903ABC /* LaunchScreen.storyboard in Resources */ = {isa = PBXBuildFile; fileRef = D07D50972540F9D000903ABC /* LaunchScreen.storyboard */; };
		D07D50A42540F9D000903ABC /* ParstagramTests.swift in Sources */ = {isa = PBXBuildFile; fileRef = D07D50A32540F9D000903ABC /* ParstagramTests.swift */; };
		D07D50AF2540F9D000903ABC /* ParstagramUITests.swift in Sources */ = {isa = PBXBuildFile; fileRef = D07D50AE2540F9D000903ABC /* ParstagramUITests.swift */; };
		D07D50D8254103AE00903ABC /* LoginViewController.swift in Sources */ = {isa = PBXBuildFile; fileRef = D07D50D7254103AE00903ABC /* LoginViewController.swift */; };
		D07D50DD254103CC00903ABC /* FeedViewController.swift in Sources */ = {isa = PBXBuildFile; fileRef = D07D50DC254103CC00903ABC /* FeedViewController.swift */; };
		DF61D1F5F63E36BF7541D38D /* Pods_Parstagram.framework in Frameworks */ = {isa = PBXBuildFile; fileRef = 157FA4FD621220863FE6BDD5 /* Pods_Parstagram.framework */; };
/* End PBXBuildFile section */

/* Begin PBXContainerItemProxy section */
		D07D50A02540F9D000903ABC /* PBXContainerItemProxy */ = {
			isa = PBXContainerItemProxy;
			containerPortal = D07D50812540F9CC00903ABC /* Project object */;
			proxyType = 1;
			remoteGlobalIDString = D07D50882540F9CC00903ABC;
			remoteInfo = Parstagram;
		};
		D07D50AB2540F9D000903ABC /* PBXContainerItemProxy */ = {
			isa = PBXContainerItemProxy;
			containerPortal = D07D50812540F9CC00903ABC /* Project object */;
			proxyType = 1;
			remoteGlobalIDString = D07D50882540F9CC00903ABC;
			remoteInfo = Parstagram;
		};
/* End PBXContainerItemProxy section */

/* Begin PBXFileReference section */
		157FA4FD621220863FE6BDD5 /* Pods_Parstagram.framework */ = {isa = PBXFileReference; explicitFileType = wrapper.framework; includeInIndex = 0; path = Pods_Parstagram.framework; sourceTree = BUILT_PRODUCTS_DIR; };
		9749CE1B2A0655238F4A350D /* Pods-Parstagram.release.xcconfig */ = {isa = PBXFileReference; includeInIndex = 1; lastKnownFileType = text.xcconfig; name = "Pods-Parstagram.release.xcconfig"; path = "Target Support Files/Pods-Parstagram/Pods-Parstagram.release.xcconfig"; sourceTree = "<group>"; };
		B49051C41E0762B9AD43A15B /* Pods-Parstagram.debug.xcconfig */ = {isa = PBXFileReference; includeInIndex = 1; lastKnownFileType = text.xcconfig; name = "Pods-Parstagram.debug.xcconfig"; path = "Target Support Files/Pods-Parstagram/Pods-Parstagram.debug.xcconfig"; sourceTree = "<group>"; };
		D0736CD025438364008575E9 /* CameraViewController.swift */ = {isa = PBXFileReference; lastKnownFileType = sourcecode.swift; path = CameraViewController.swift; sourceTree = "<group>"; };
		D07D50892540F9CC00903ABC /* Parstagram.app */ = {isa = PBXFileReference; explicitFileType = wrapper.application; includeInIndex = 0; path = Parstagram.app; sourceTree = BUILT_PRODUCTS_DIR; };
		D07D508C2540F9CC00903ABC /* AppDelegate.swift */ = {isa = PBXFileReference; lastKnownFileType = sourcecode.swift; path = AppDelegate.swift; sourceTree = "<group>"; };
		D07D508E2540F9CC00903ABC /* SceneDelegate.swift */ = {isa = PBXFileReference; lastKnownFileType = sourcecode.swift; path = SceneDelegate.swift; sourceTree = "<group>"; };
		D07D50932540F9CC00903ABC /* Base */ = {isa = PBXFileReference; lastKnownFileType = file.storyboard; name = Base; path = Base.lproj/Main.storyboard; sourceTree = "<group>"; };
		D07D50952540F9D000903ABC /* Assets.xcassets */ = {isa = PBXFileReference; lastKnownFileType = folder.assetcatalog; path = Assets.xcassets; sourceTree = "<group>"; };
		D07D50982540F9D000903ABC /* Base */ = {isa = PBXFileReference; lastKnownFileType = file.storyboard; name = Base; path = Base.lproj/LaunchScreen.storyboard; sourceTree = "<group>"; };
		D07D509A2540F9D000903ABC /* Info.plist */ = {isa = PBXFileReference; lastKnownFileType = text.plist.xml; path = Info.plist; sourceTree = "<group>"; };
		D07D509F2540F9D000903ABC /* ParstagramTests.xctest */ = {isa = PBXFileReference; explicitFileType = wrapper.cfbundle; includeInIndex = 0; path = ParstagramTests.xctest; sourceTree = BUILT_PRODUCTS_DIR; };
		D07D50A32540F9D000903ABC /* ParstagramTests.swift */ = {isa = PBXFileReference; lastKnownFileType = sourcecode.swift; path = ParstagramTests.swift; sourceTree = "<group>"; };
		D07D50A52540F9D000903ABC /* Info.plist */ = {isa = PBXFileReference; lastKnownFileType = text.plist.xml; path = Info.plist; sourceTree = "<group>"; };
		D07D50AA2540F9D000903ABC /* ParstagramUITests.xctest */ = {isa = PBXFileReference; explicitFileType = wrapper.cfbundle; includeInIndex = 0; path = ParstagramUITests.xctest; sourceTree = BUILT_PRODUCTS_DIR; };
		D07D50AE2540F9D000903ABC /* ParstagramUITests.swift */ = {isa = PBXFileReference; lastKnownFileType = sourcecode.swift; path = ParstagramUITests.swift; sourceTree = "<group>"; };
		D07D50B02540F9D000903ABC /* Info.plist */ = {isa = PBXFileReference; lastKnownFileType = text.plist.xml; path = Info.plist; sourceTree = "<group>"; };
		D07D50D7254103AE00903ABC /* LoginViewController.swift */ = {isa = PBXFileReference; lastKnownFileType = sourcecode.swift; path = LoginViewController.swift; sourceTree = "<group>"; };
		D07D50DC254103CC00903ABC /* FeedViewController.swift */ = {isa = PBXFileReference; lastKnownFileType = sourcecode.swift; path = FeedViewController.swift; sourceTree = "<group>"; };
/* End PBXFileReference section */

/* Begin PBXFrameworksBuildPhase section */
		D07D50862540F9CC00903ABC /* Frameworks */ = {
			isa = PBXFrameworksBuildPhase;
			buildActionMask = 2147483647;
			files = (
				DF61D1F5F63E36BF7541D38D /* Pods_Parstagram.framework in Frameworks */,
			);
			runOnlyForDeploymentPostprocessing = 0;
		};
		D07D509C2540F9D000903ABC /* Frameworks */ = {
			isa = PBXFrameworksBuildPhase;
			buildActionMask = 2147483647;
			files = (
			);
			runOnlyForDeploymentPostprocessing = 0;
		};
		D07D50A72540F9D000903ABC /* Frameworks */ = {
			isa = PBXFrameworksBuildPhase;
			buildActionMask = 2147483647;
			files = (
			);
			runOnlyForDeploymentPostprocessing = 0;
		};
/* End PBXFrameworksBuildPhase section */

/* Begin PBXGroup section */
		A3D9AB1F26286511211658F6 /* Frameworks */ = {
			isa = PBXGroup;
			children = (
				157FA4FD621220863FE6BDD5 /* Pods_Parstagram.framework */,
			);
			name = Frameworks;
			sourceTree = "<group>";
		};
		D07D50802540F9CC00903ABC = {
			isa = PBXGroup;
			children = (
				D07D508B2540F9CC00903ABC /* Parstagram */,
				D07D50A22540F9D000903ABC /* ParstagramTests */,
				D07D50AD2540F9D000903ABC /* ParstagramUITests */,
				D07D508A2540F9CC00903ABC /* Products */,
				DD37D8A19AC53F8966D5C045 /* Pods */,
				A3D9AB1F26286511211658F6 /* Frameworks */,
			);
			sourceTree = "<group>";
		};
		D07D508A2540F9CC00903ABC /* Products */ = {
			isa = PBXGroup;
			children = (
				D07D50892540F9CC00903ABC /* Parstagram.app */,
				D07D509F2540F9D000903ABC /* ParstagramTests.xctest */,
				D07D50AA2540F9D000903ABC /* ParstagramUITests.xctest */,
			);
			name = Products;
			sourceTree = "<group>";
		};
		D07D508B2540F9CC00903ABC /* Parstagram */ = {
			isa = PBXGroup;
			children = (
				D07D508C2540F9CC00903ABC /* AppDelegate.swift */,
				D07D508E2540F9CC00903ABC /* SceneDelegate.swift */,
				D07D50922540F9CC00903ABC /* Main.storyboard */,
				D07D50952540F9D000903ABC /* Assets.xcassets */,
				D07D50972540F9D000903ABC /* LaunchScreen.storyboard */,
				D07D509A2540F9D000903ABC /* Info.plist */,
				D07D50D7254103AE00903ABC /* LoginViewController.swift */,
				D07D50DC254103CC00903ABC /* FeedViewController.swift */,
				D0736CD025438364008575E9 /* CameraViewController.swift */,
			);
			path = Parstagram;
			sourceTree = "<group>";
		};
		D07D50A22540F9D000903ABC /* ParstagramTests */ = {
			isa = PBXGroup;
			children = (
				D07D50A32540F9D000903ABC /* ParstagramTests.swift */,
				D07D50A52540F9D000903ABC /* Info.plist */,
			);
			path = ParstagramTests;
			sourceTree = "<group>";
		};
		D07D50AD2540F9D000903ABC /* ParstagramUITests */ = {
			isa = PBXGroup;
			children = (
				D07D50AE2540F9D000903ABC /* ParstagramUITests.swift */,
				D07D50B02540F9D000903ABC /* Info.plist */,
			);
			path = ParstagramUITests;
			sourceTree = "<group>";
		};
		DD37D8A19AC53F8966D5C045 /* Pods */ = {
			isa = PBXGroup;
			children = (
				B49051C41E0762B9AD43A15B /* Pods-Parstagram.debug.xcconfig */,
				9749CE1B2A0655238F4A350D /* Pods-Parstagram.release.xcconfig */,
			);
			path = Pods;
			sourceTree = "<group>";
		};
/* End PBXGroup section */

/* Begin PBXNativeTarget section */
		D07D50882540F9CC00903ABC /* Parstagram */ = {
			isa = PBXNativeTarget;
			buildConfigurationList = D07D50B32540F9D000903ABC /* Build configuration list for PBXNativeTarget "Parstagram" */;
			buildPhases = (
				BCA2315BB5D99936C6821285 /* [CP] Check Pods Manifest.lock */,
				D07D50852540F9CC00903ABC /* Sources */,
				D07D50862540F9CC00903ABC /* Frameworks */,
				D07D50872540F9CC00903ABC /* Resources */,
				437B07D1C11F6F9AE210898F /* [CP] Embed Pods Frameworks */,
			);
			buildRules = (
			);
			dependencies = (
			);
			name = Parstagram;
			productName = Parstagram;
			productReference = D07D50892540F9CC00903ABC /* Parstagram.app */;
			productType = "com.apple.product-type.application";
		};
		D07D509E2540F9D000903ABC /* ParstagramTests */ = {
			isa = PBXNativeTarget;
			buildConfigurationList = D07D50B62540F9D000903ABC /* Build configuration list for PBXNativeTarget "ParstagramTests" */;
			buildPhases = (
				D07D509B2540F9D000903ABC /* Sources */,
				D07D509C2540F9D000903ABC /* Frameworks */,
				D07D509D2540F9D000903ABC /* Resources */,
			);
			buildRules = (
			);
			dependencies = (
				D07D50A12540F9D000903ABC /* PBXTargetDependency */,
			);
			name = ParstagramTests;
			productName = ParstagramTests;
			productReference = D07D509F2540F9D000903ABC /* ParstagramTests.xctest */;
			productType = "com.apple.product-type.bundle.unit-test";
		};
		D07D50A92540F9D000903ABC /* ParstagramUITests */ = {
			isa = PBXNativeTarget;
			buildConfigurationList = D07D50B92540F9D000903ABC /* Build configuration list for PBXNativeTarget "ParstagramUITests" */;
			buildPhases = (
				D07D50A62540F9D000903ABC /* Sources */,
				D07D50A72540F9D000903ABC /* Frameworks */,
				D07D50A82540F9D000903ABC /* Resources */,
			);
			buildRules = (
			);
			dependencies = (
				D07D50AC2540F9D000903ABC /* PBXTargetDependency */,
			);
			name = ParstagramUITests;
			productName = ParstagramUITests;
			productReference = D07D50AA2540F9D000903ABC /* ParstagramUITests.xctest */;
			productType = "com.apple.product-type.bundle.ui-testing";
		};
/* End PBXNativeTarget section */

/* Begin PBXProject section */
		D07D50812540F9CC00903ABC /* Project object */ = {
			isa = PBXProject;
			attributes = {
				LastSwiftUpdateCheck = 1210;
				LastUpgradeCheck = 1210;
				TargetAttributes = {
					D07D50882540F9CC00903ABC = {
						CreatedOnToolsVersion = 12.1;
					};
					D07D509E2540F9D000903ABC = {
						CreatedOnToolsVersion = 12.1;
						TestTargetID = D07D50882540F9CC00903ABC;
					};
					D07D50A92540F9D000903ABC = {
						CreatedOnToolsVersion = 12.1;
						TestTargetID = D07D50882540F9CC00903ABC;
					};
				};
			};
			buildConfigurationList = D07D50842540F9CC00903ABC /* Build configuration list for PBXProject "Parstagram" */;
			compatibilityVersion = "Xcode 9.3";
			developmentRegion = en;
			hasScannedForEncodings = 0;
			knownRegions = (
				en,
				Base,
			);
			mainGroup = D07D50802540F9CC00903ABC;
			productRefGroup = D07D508A2540F9CC00903ABC /* Products */;
			projectDirPath = "";
			projectRoot = "";
			targets = (
				D07D50882540F9CC00903ABC /* Parstagram */,
				D07D509E2540F9D000903ABC /* ParstagramTests */,
				D07D50A92540F9D000903ABC /* ParstagramUITests */,
			);
		};
/* End PBXProject section */

/* Begin PBXResourcesBuildPhase section */
		D07D50872540F9CC00903ABC /* Resources */ = {
			isa = PBXResourcesBuildPhase;
			buildActionMask = 2147483647;
			files = (
				D07D50992540F9D000903ABC /* LaunchScreen.storyboard in Resources */,
				D07D50962540F9D000903ABC /* Assets.xcassets in Resources */,
				D07D50942540F9CC00903ABC /* Main.storyboard in Resources */,
			);
			runOnlyForDeploymentPostprocessing = 0;
		};
		D07D509D2540F9D000903ABC /* Resources */ = {
			isa = PBXResourcesBuildPhase;
			buildActionMask = 2147483647;
			files = (
			);
			runOnlyForDeploymentPostprocessing = 0;
		};
		D07D50A82540F9D000903ABC /* Resources */ = {
			isa = PBXResourcesBuildPhase;
			buildActionMask = 2147483647;
			files = (
			);
			runOnlyForDeploymentPostprocessing = 0;
		};
/* End PBXResourcesBuildPhase section */

/* Begin PBXShellScriptBuildPhase section */
		437B07D1C11F6F9AE210898F /* [CP] Embed Pods Frameworks */ = {
			isa = PBXShellScriptBuildPhase;
			buildActionMask = 2147483647;
			files = (
			);
			inputFileListPaths = (
				"${PODS_ROOT}/Target Support Files/Pods-Parstagram/Pods-Parstagram-frameworks-${CONFIGURATION}-input-files.xcfilelist",
			);
			name = "[CP] Embed Pods Frameworks";
			outputFileListPaths = (
				"${PODS_ROOT}/Target Support Files/Pods-Parstagram/Pods-Parstagram-frameworks-${CONFIGURATION}-output-files.xcfilelist",
			);
			runOnlyForDeploymentPostprocessing = 0;
			shellPath = /bin/sh;
			shellScript = "\"${PODS_ROOT}/Target Support Files/Pods-Parstagram/Pods-Parstagram-frameworks.sh\"\n";
			showEnvVarsInLog = 0;
		};
		BCA2315BB5D99936C6821285 /* [CP] Check Pods Manifest.lock */ = {
			isa = PBXShellScriptBuildPhase;
			buildActionMask = 2147483647;
			files = (
			);
			inputFileListPaths = (
			);
			inputPaths = (
				"${PODS_PODFILE_DIR_PATH}/Podfile.lock",
				"${PODS_ROOT}/Manifest.lock",
			);
			name = "[CP] Check Pods Manifest.lock";
			outputFileListPaths = (
			);
			outputPaths = (
				"$(DERIVED_FILE_DIR)/Pods-Parstagram-checkManifestLockResult.txt",
			);
			runOnlyForDeploymentPostprocessing = 0;
			shellPath = /bin/sh;
			shellScript = "diff \"${PODS_PODFILE_DIR_PATH}/Podfile.lock\" \"${PODS_ROOT}/Manifest.lock\" > /dev/null\nif [ $? != 0 ] ; then\n    # print error to STDERR\n    echo \"error: The sandbox is not in sync with the Podfile.lock. Run 'pod install' or update your CocoaPods installation.\" >&2\n    exit 1\nfi\n# This output is used by Xcode 'outputs' to avoid re-running this script phase.\necho \"SUCCESS\" > \"${SCRIPT_OUTPUT_FILE_0}\"\n";
			showEnvVarsInLog = 0;
		};
/* End PBXShellScriptBuildPhase section */

/* Begin PBXSourcesBuildPhase section */
		D07D50852540F9CC00903ABC /* Sources */ = {
			isa = PBXSourcesBuildPhase;
			buildActionMask = 2147483647;
			files = (
				D07D50D8254103AE00903ABC /* LoginViewController.swift in Sources */,
				D0736CD125438364008575E9 /* CameraViewController.swift in Sources */,
				D07D508D2540F9CC00903ABC /* AppDelegate.swift in Sources */,
				D07D50DD254103CC00903ABC /* FeedViewController.swift in Sources */,
				D07D508F2540F9CC00903ABC /* SceneDelegate.swift in Sources */,
			);
			runOnlyForDeploymentPostprocessing = 0;
		};
		D07D509B2540F9D000903ABC /* Sources */ = {
			isa = PBXSourcesBuildPhase;
			buildActionMask = 2147483647;
			files = (
				D07D50A42540F9D000903ABC /* ParstagramTests.swift in Sources */,
			);
			runOnlyForDeploymentPostprocessing = 0;
		};
		D07D50A62540F9D000903ABC /* Sources */ = {
			isa = PBXSourcesBuildPhase;
			buildActionMask = 2147483647;
			files = (
				D07D50AF2540F9D000903ABC /* ParstagramUITests.swift in Sources */,
			);
			runOnlyForDeploymentPostprocessing = 0;
		};
/* End PBXSourcesBuildPhase section */

/* Begin PBXTargetDependency section */
		D07D50A12540F9D000903ABC /* PBXTargetDependency */ = {
			isa = PBXTargetDependency;
			target = D07D50882540F9CC00903ABC /* Parstagram */;
			targetProxy = D07D50A02540F9D000903ABC /* PBXContainerItemProxy */;
		};
		D07D50AC2540F9D000903ABC /* PBXTargetDependency */ = {
			isa = PBXTargetDependency;
			target = D07D50882540F9CC00903ABC /* Parstagram */;
			targetProxy = D07D50AB2540F9D000903ABC /* PBXContainerItemProxy */;
		};
/* End PBXTargetDependency section */

/* Begin PBXVariantGroup section */
		D07D50922540F9CC00903ABC /* Main.storyboard */ = {
			isa = PBXVariantGroup;
			children = (
				D07D50932540F9CC00903ABC /* Base */,
			);
			name = Main.storyboard;
			sourceTree = "<group>";
		};
		D07D50972540F9D000903ABC /* LaunchScreen.storyboard */ = {
			isa = PBXVariantGroup;
			children = (
				D07D50982540F9D000903ABC /* Base */,
			);
			name = LaunchScreen.storyboard;
			sourceTree = "<group>";
		};
/* End PBXVariantGroup section */

/* Begin XCBuildConfiguration section */
		D07D50B12540F9D000903ABC /* Debug */ = {
			isa = XCBuildConfiguration;
			buildSettings = {
				ALWAYS_SEARCH_USER_PATHS = NO;
				CLANG_ANALYZER_NONNULL = YES;
				CLANG_ANALYZER_NUMBER_OBJECT_CONVERSION = YES_AGGRESSIVE;
				CLANG_CXX_LANGUAGE_STANDARD = "gnu++14";
				CLANG_CXX_LIBRARY = "libc++";
				CLANG_ENABLE_MODULES = YES;
				CLANG_ENABLE_OBJC_ARC = YES;
				CLANG_ENABLE_OBJC_WEAK = YES;
				CLANG_WARN_BLOCK_CAPTURE_AUTORELEASING = YES;
				CLANG_WARN_BOOL_CONVERSION = YES;
				CLANG_WARN_COMMA = YES;
				CLANG_WARN_CONSTANT_CONVERSION = YES;
				CLANG_WARN_DEPRECATED_OBJC_IMPLEMENTATIONS = YES;
				CLANG_WARN_DIRECT_OBJC_ISA_USAGE = YES_ERROR;
				CLANG_WARN_DOCUMENTATION_COMMENTS = YES;
				CLANG_WARN_EMPTY_BODY = YES;
				CLANG_WARN_ENUM_CONVERSION = YES;
				CLANG_WARN_INFINITE_RECURSION = YES;
				CLANG_WARN_INT_CONVERSION = YES;
				CLANG_WARN_NON_LITERAL_NULL_CONVERSION = YES;
				CLANG_WARN_OBJC_IMPLICIT_RETAIN_SELF = YES;
				CLANG_WARN_OBJC_LITERAL_CONVERSION = YES;
				CLANG_WARN_OBJC_ROOT_CLASS = YES_ERROR;
				CLANG_WARN_QUOTED_INCLUDE_IN_FRAMEWORK_HEADER = YES;
				CLANG_WARN_RANGE_LOOP_ANALYSIS = YES;
				CLANG_WARN_STRICT_PROTOTYPES = YES;
				CLANG_WARN_SUSPICIOUS_MOVE = YES;
				CLANG_WARN_UNGUARDED_AVAILABILITY = YES_AGGRESSIVE;
				CLANG_WARN_UNREACHABLE_CODE = YES;
				CLANG_WARN__DUPLICATE_METHOD_MATCH = YES;
				COPY_PHASE_STRIP = NO;
				DEBUG_INFORMATION_FORMAT = dwarf;
				ENABLE_STRICT_OBJC_MSGSEND = YES;
				ENABLE_TESTABILITY = YES;
				GCC_C_LANGUAGE_STANDARD = gnu11;
				GCC_DYNAMIC_NO_PIC = NO;
				GCC_NO_COMMON_BLOCKS = YES;
				GCC_OPTIMIZATION_LEVEL = 0;
				GCC_PREPROCESSOR_DEFINITIONS = (
					"DEBUG=1",
					"$(inherited)",
				);
				GCC_WARN_64_TO_32_BIT_CONVERSION = YES;
				GCC_WARN_ABOUT_RETURN_TYPE = YES_ERROR;
				GCC_WARN_UNDECLARED_SELECTOR = YES;
				GCC_WARN_UNINITIALIZED_AUTOS = YES_AGGRESSIVE;
				GCC_WARN_UNUSED_FUNCTION = YES;
				GCC_WARN_UNUSED_VARIABLE = YES;
				IPHONEOS_DEPLOYMENT_TARGET = 14.1;
				MTL_ENABLE_DEBUG_INFO = INCLUDE_SOURCE;
				MTL_FAST_MATH = YES;
				ONLY_ACTIVE_ARCH = YES;
				SDKROOT = iphoneos;
				SWIFT_ACTIVE_COMPILATION_CONDITIONS = DEBUG;
				SWIFT_OPTIMIZATION_LEVEL = "-Onone";
			};
			name = Debug;
		};
		D07D50B22540F9D000903ABC /* Release */ = {
			isa = XCBuildConfiguration;
			buildSettings = {
				ALWAYS_SEARCH_USER_PATHS = NO;
				CLANG_ANALYZER_NONNULL = YES;
				CLANG_ANALYZER_NUMBER_OBJECT_CONVERSION = YES_AGGRESSIVE;
				CLANG_CXX_LANGUAGE_STANDARD = "gnu++14";
				CLANG_CXX_LIBRARY = "libc++";
				CLANG_ENABLE_MODULES = YES;
				CLANG_ENABLE_OBJC_ARC = YES;
				CLANG_ENABLE_OBJC_WEAK = YES;
				CLANG_WARN_BLOCK_CAPTURE_AUTORELEASING = YES;
				CLANG_WARN_BOOL_CONVERSION = YES;
				CLANG_WARN_COMMA = YES;
				CLANG_WARN_CONSTANT_CONVERSION = YES;
				CLANG_WARN_DEPRECATED_OBJC_IMPLEMENTATIONS = YES;
				CLANG_WARN_DIRECT_OBJC_ISA_USAGE = YES_ERROR;
				CLANG_WARN_DOCUMENTATION_COMMENTS = YES;
				CLANG_WARN_EMPTY_BODY = YES;
				CLANG_WARN_ENUM_CONVERSION = YES;
				CLANG_WARN_INFINITE_RECURSION = YES;
				CLANG_WARN_INT_CONVERSION = YES;
				CLANG_WARN_NON_LITERAL_NULL_CONVERSION = YES;
				CLANG_WARN_OBJC_IMPLICIT_RETAIN_SELF = YES;
				CLANG_WARN_OBJC_LITERAL_CONVERSION = YES;
				CLANG_WARN_OBJC_ROOT_CLASS = YES_ERROR;
				CLANG_WARN_QUOTED_INCLUDE_IN_FRAMEWORK_HEADER = YES;
				CLANG_WARN_RANGE_LOOP_ANALYSIS = YES;
				CLANG_WARN_STRICT_PROTOTYPES = YES;
				CLANG_WARN_SUSPICIOUS_MOVE = YES;
				CLANG_WARN_UNGUARDED_AVAILABILITY = YES_AGGRESSIVE;
				CLANG_WARN_UNREACHABLE_CODE = YES;
				CLANG_WARN__DUPLICATE_METHOD_MATCH = YES;
				COPY_PHASE_STRIP = NO;
				DEBUG_INFORMATION_FORMAT = "dwarf-with-dsym";
				ENABLE_NS_ASSERTIONS = NO;
				ENABLE_STRICT_OBJC_MSGSEND = YES;
				GCC_C_LANGUAGE_STANDARD = gnu11;
				GCC_NO_COMMON_BLOCKS = YES;
				GCC_WARN_64_TO_32_BIT_CONVERSION = YES;
				GCC_WARN_ABOUT_RETURN_TYPE = YES_ERROR;
				GCC_WARN_UNDECLARED_SELECTOR = YES;
				GCC_WARN_UNINITIALIZED_AUTOS = YES_AGGRESSIVE;
				GCC_WARN_UNUSED_FUNCTION = YES;
				GCC_WARN_UNUSED_VARIABLE = YES;
				IPHONEOS_DEPLOYMENT_TARGET = 14.1;
				MTL_ENABLE_DEBUG_INFO = NO;
				MTL_FAST_MATH = YES;
				SDKROOT = iphoneos;
				SWIFT_COMPILATION_MODE = wholemodule;
				SWIFT_OPTIMIZATION_LEVEL = "-O";
				VALIDATE_PRODUCT = YES;
			};
			name = Release;
		};
		D07D50B42540F9D000903ABC /* Debug */ = {
			isa = XCBuildConfiguration;
			baseConfigurationReference = B49051C41E0762B9AD43A15B /* Pods-Parstagram.debug.xcconfig */;
			buildSettings = {
				ASSETCATALOG_COMPILER_APPICON_NAME = AppIcon;
				ASSETCATALOG_COMPILER_GLOBAL_ACCENT_COLOR_NAME = AccentColor;
				CODE_SIGN_STYLE = Automatic;
				INFOPLIST_FILE = Parstagram/Info.plist;
				LD_RUNPATH_SEARCH_PATHS = (
					"$(inherited)",
					"@executable_path/Frameworks",
				);
				PRODUCT_BUNDLE_IDENTIFIER = com.mychalj.Parstagram;
				PRODUCT_NAME = "$(TARGET_NAME)";
				SWIFT_VERSION = 5.0;
				TARGETED_DEVICE_FAMILY = "1,2";
			};
			name = Debug;
		};
		D07D50B52540F9D000903ABC /* Release */ = {
			isa = XCBuildConfiguration;
			baseConfigurationReference = 9749CE1B2A0655238F4A350D /* Pods-Parstagram.release.xcconfig */;
			buildSettings = {
				ASSETCATALOG_COMPILER_APPICON_NAME = AppIcon;
				ASSETCATALOG_COMPILER_GLOBAL_ACCENT_COLOR_NAME = AccentColor;
				CODE_SIGN_STYLE = Automatic;
				INFOPLIST_FILE = Parstagram/Info.plist;
				LD_RUNPATH_SEARCH_PATHS = (
					"$(inherited)",
					"@executable_path/Frameworks",
				);
				PRODUCT_BUNDLE_IDENTIFIER = com.mychalj.Parstagram;
				PRODUCT_NAME = "$(TARGET_NAME)";
				SWIFT_VERSION = 5.0;
				TARGETED_DEVICE_FAMILY = "1,2";
			};
			name = Release;
		};
		D07D50B72540F9D000903ABC /* Debug */ = {
			isa = XCBuildConfiguration;
			buildSettings = {
				ALWAYS_EMBED_SWIFT_STANDARD_LIBRARIES = YES;
				BUNDLE_LOADER = "$(TEST_HOST)";
				CODE_SIGN_STYLE = Automatic;
				INFOPLIST_FILE = ParstagramTests/Info.plist;
				IPHONEOS_DEPLOYMENT_TARGET = 14.1;
				LD_RUNPATH_SEARCH_PATHS = (
					"$(inherited)",
					"@executable_path/Frameworks",
					"@loader_path/Frameworks",
				);
				PRODUCT_BUNDLE_IDENTIFIER = com.mychalj.ParstagramTests;
				PRODUCT_NAME = "$(TARGET_NAME)";
				SWIFT_VERSION = 5.0;
				TARGETED_DEVICE_FAMILY = "1,2";
				TEST_HOST = "$(BUILT_PRODUCTS_DIR)/Parstagram.app/Parstagram";
			};
			name = Debug;
		};
		D07D50B82540F9D000903ABC /* Release */ = {
			isa = XCBuildConfiguration;
			buildSettings = {
				ALWAYS_EMBED_SWIFT_STANDARD_LIBRARIES = YES;
				BUNDLE_LOADER = "$(TEST_HOST)";
				CODE_SIGN_STYLE = Automatic;
				INFOPLIST_FILE = ParstagramTests/Info.plist;
				IPHONEOS_DEPLOYMENT_TARGET = 14.1;
				LD_RUNPATH_SEARCH_PATHS = (
					"$(inherited)",
					"@executable_path/Frameworks",
					"@loader_path/Frameworks",
				);
				PRODUCT_BUNDLE_IDENTIFIER = com.mychalj.ParstagramTests;
				PRODUCT_NAME = "$(TARGET_NAME)";
				SWIFT_VERSION = 5.0;
				TARGETED_DEVICE_FAMILY = "1,2";
				TEST_HOST = "$(BUILT_PRODUCTS_DIR)/Parstagram.app/Parstagram";
			};
			name = Release;
		};
		D07D50BA2540F9D000903ABC /* Debug */ = {
			isa = XCBuildConfiguration;
			buildSettings = {
				ALWAYS_EMBED_SWIFT_STANDARD_LIBRARIES = YES;
				CODE_SIGN_STYLE = Automatic;
				INFOPLIST_FILE = ParstagramUITests/Info.plist;
				LD_RUNPATH_SEARCH_PATHS = (
					"$(inherited)",
					"@executable_path/Frameworks",
					"@loader_path/Frameworks",
				);
				PRODUCT_BUNDLE_IDENTIFIER = com.mychalj.ParstagramUITests;
				PRODUCT_NAME = "$(TARGET_NAME)";
				SWIFT_VERSION = 5.0;
				TARGETED_DEVICE_FAMILY = "1,2";
				TEST_TARGET_NAME = Parstagram;
			};
			name = Debug;
		};
		D07D50BB2540F9D000903ABC /* Release */ = {
			isa = XCBuildConfiguration;
			buildSettings = {
				ALWAYS_EMBED_SWIFT_STANDARD_LIBRARIES = YES;
				CODE_SIGN_STYLE = Automatic;
				INFOPLIST_FILE = ParstagramUITests/Info.plist;
				LD_RUNPATH_SEARCH_PATHS = (
					"$(inherited)",
					"@executable_path/Frameworks",
					"@loader_path/Frameworks",
				);
				PRODUCT_BUNDLE_IDENTIFIER = com.mychalj.ParstagramUITests;
				PRODUCT_NAME = "$(TARGET_NAME)";
				SWIFT_VERSION = 5.0;
				TARGETED_DEVICE_FAMILY = "1,2";
				TEST_TARGET_NAME = Parstagram;
			};
			name = Release;
		};
/* End XCBuildConfiguration section */

/* Begin XCConfigurationList section */
		D07D50842540F9CC00903ABC /* Build configuration list for PBXProject "Parstagram" */ = {
			isa = XCConfigurationList;
			buildConfigurations = (
				D07D50B12540F9D000903ABC /* Debug */,
				D07D50B22540F9D000903ABC /* Release */,
			);
			defaultConfigurationIsVisible = 0;
			defaultConfigurationName = Release;
		};
		D07D50B32540F9D000903ABC /* Build configuration list for PBXNativeTarget "Parstagram" */ = {
			isa = XCConfigurationList;
			buildConfigurations = (
				D07D50B42540F9D000903ABC /* Debug */,
				D07D50B52540F9D000903ABC /* Release */,
			);
			defaultConfigurationIsVisible = 0;
			defaultConfigurationName = Release;
		};
		D07D50B62540F9D000903ABC /* Build configuration list for PBXNativeTarget "ParstagramTests" */ = {
			isa = XCConfigurationList;
			buildConfigurations = (
				D07D50B72540F9D000903ABC /* Debug */,
				D07D50B82540F9D000903ABC /* Release */,
			);
			defaultConfigurationIsVisible = 0;
			defaultConfigurationName = Release;
		};
		D07D50B92540F9D000903ABC /* Build configuration list for PBXNativeTarget "ParstagramUITests" */ = {
			isa = XCConfigurationList;
			buildConfigurations = (
				D07D50BA2540F9D000903ABC /* Debug */,
				D07D50BB2540F9D000903ABC /* Release */,
			);
			defaultConfigurationIsVisible = 0;
			defaultConfigurationName = Release;
		};
/* End XCConfigurationList section */
	};
	rootObject = D07D50812540F9CC00903ABC /* Project object */;
}
